<?xml version="1.0" encoding="utf-8"?>
<Project ToolsVersion="4.0" xmlns="http://schemas.microsoft.com/developer/msbuild/2003">
  <ItemGroup>
    <ClCompile Include="Source\Block\Block.cpp">
      <Filter>Block</Filter>
    </ClCompile>
    <ClCompile Include="Source\Collider\BoxCollider.cpp">
      <Filter>Collider</Filter>
    </ClCompile>
    <ClCompile Include="Source\Collider\CollideResult.cpp">
      <Filter>Collider</Filter>
    </ClCompile>
    <ClCompile Include="Source\GameMain\Main.cpp">
      <Filter>GameMain</Filter>
    </ClCompile>
    <ClCompile Include="Source\GameMain\GameManager.cpp">
      <Filter>GameMain</Filter>
    </ClCompile>
    <ClCompile Include="Source\ManagerClass\ObjectManager.cpp">
      <Filter>Manager</Filter>
    </ClCompile>
    <ClCompile Include="Source\Math\Vector2.cpp">
      <Filter>Math</Filter>
    </ClCompile>
    <ClCompile Include="Source\Map\Map.cpp">
      <Filter>Map</Filter>
    </ClCompile>
    <ClCompile Include="Source\BaseClass\SceneBase.cpp">
      <Filter>BaseClass</Filter>
    </ClCompile>
    <ClCompile Include="Source\BaseClass\ObjectBase.cpp">
      <Filter>BaseClass</Filter>
    </ClCompile>
    <ClCompile Include="Source\Scene\DebugScene_Awata.cpp">
      <Filter>Scene</Filter>
    </ClCompile>
    <ClCompile Include="Source\Scene\DebugScene_Itou.cpp">
      <Filter>Scene</Filter>
    </ClCompile>
    <ClCompile Include="Source\Scene\DebugScene_Monda.cpp">
      <Filter>Scene</Filter>
    </ClCompile>
    <ClCompile Include="Source\Scene\PlayScene.cpp">
      <Filter>Scene</Filter>
    </ClCompile>
    <ClCompile Include="Source\Scene\TitleScene.cpp">
      <Filter>Scene</Filter>
    </ClCompile>
  </ItemGroup>
  <ItemGroup>
    <ClInclude Include="Source\Block\Block.h">
      <Filter>Block</Filter>
    </ClInclude>
    <ClInclude Include="Source\Collider\BoxCollider.h">
      <Filter>Collider</Filter>
    </ClInclude>
    <ClInclude Include="Source\Collider\CollideResult.h">
      <Filter>Collider</Filter>
    </ClInclude>
    <ClInclude Include="Source\GameMain\GameManagerh.h">
      <Filter>GameMain</Filter>
    </ClInclude>
    <ClInclude Include="Source\ManagerClass\ObjectManager.h">
      <Filter>Manager</Filter>
    </ClInclude>
    <ClInclude Include="Source\Math\Vector2.h">
      <Filter>Math</Filter>
    </ClInclude>
    <ClInclude Include="Source\Map\Map.h">
      <Filter>Map</Filter>
    </ClInclude>
    <ClInclude Include="Source\BaseClass\SceneBase.h">
      <Filter>BaseClass</Filter>
    </ClInclude>
    <ClInclude Include="Source\BaseClass\ObjectBase.h">
      <Filter>BaseClass</Filter>
    </ClInclude>
    <ClInclude Include="Source\Scene\DebugScene_Awata.h">
      <Filter>Scene</Filter>
    </ClInclude>
    <ClInclude Include="Source\Scene\DebugScene_Itou.h">
      <Filter>Scene</Filter>
    </ClInclude>
    <ClInclude Include="Source\Scene\DebugScene_Monda.h">
      <Filter>Scene</Filter>
    </ClInclude>
    <ClInclude Include="Source\Scene\PlayScene.h">
      <Filter>Scene</Filter>
    </ClInclude>
    <ClInclude Include="Source\Scene\TitleScene.h">
      <Filter>Scene</Filter>
    </ClInclude>
  </ItemGroup>
  <ItemGroup>
    <Filter Include="Block">
      <UniqueIdentifier>{cfa55da9-dbb5-4fb6-ae38-4b8298d4cb43}</UniqueIdentifier>
    </Filter>
    <Filter Include="Collider">
      <UniqueIdentifier>{29be5d93-d33f-479f-af01-4c54507421bb}</UniqueIdentifier>
    </Filter>
    <Filter Include="GameMain">
      <UniqueIdentifier>{d04afd98-58cb-4b5d-bb07-2184b426fba2}</UniqueIdentifier>
    </Filter>
    <Filter Include="Manager">
      <UniqueIdentifier>{3c8cd667-a756-43f9-952d-8637ba20be4d}</UniqueIdentifier>
    </Filter>
    <Filter Include="Math">
      <UniqueIdentifier>{f5fb2371-8151-40f8-97b1-1062152cd8c1}</UniqueIdentifier>
    </Filter>
    <Filter Include="Map">
      <UniqueIdentifier>{0be79e3d-549f-47db-8721-595eb43dced2}</UniqueIdentifier>
    </Filter>
    <Filter Include="BaseClass">
      <UniqueIdentifier>{fe2cdf73-4727-42b8-a165-a26905ca7d68}</UniqueIdentifier>
    </Filter>
    <Filter Include="Scene">
      <UniqueIdentifier>{f5c5ea05-6765-4912-9f99-ea9d42e39d4e}</UniqueIdentifier>
    </Filter>
  </ItemGroup>
</Project>