<?xml version="1.0" encoding="utf-8"?>
<Project ToolsVersion="4.0" xmlns="http://schemas.microsoft.com/developer/msbuild/2003">
  <ItemGroup>
    <ClCompile Include="Source\BaseClass\BlockBase.cpp">
      <Filter>BaseClass</Filter>
    </ClCompile>
    <ClCompile Include="Source\Block\BreakBlock.cpp">
      <Filter>Block</Filter>
    </ClCompile>
    <ClCompile Include="Source\Block\BrickBlock.cpp">
      <Filter>Block</Filter>
    </ClCompile>
    <ClCompile Include="Source\BaseClass\ItemBlockBase.cpp">
      <Filter>BaseClass</Filter>
    </ClCompile>
    <ClCompile Include="Source\Block\NormalBlock.cpp">
      <Filter>Block</Filter>
    </ClCompile>
    <ClCompile Include="Source\ManagerClass\ObjectManager.cpp">
      <Filter>ManagerClass</Filter>
    </ClCompile>
    <ClCompile Include="Source\BaseClass\ObjectBase.cpp">
      <Filter>BaseClass</Filter>
    </ClCompile>
    <ClCompile Include="Source\ManagerClass\FPSManager.cpp">
      <Filter>ManagerClass</Filter>
    </ClCompile>
    <ClCompile Include="Source\Map\Map.cpp">
      <Filter>Map</Filter>
    </ClCompile>
    <ClCompile Include="Source\Collider\BoxCollider.cpp">
      <Filter>Collider</Filter>
    </ClCompile>
    <ClCompile Include="Source\Collider\CollideResult.cpp">
      <Filter>Collider</Filter>
    </ClCompile>
    <ClCompile Include="Source\Scene\DebugScene_Awata.cpp">
      <Filter>Scene</Filter>
    </ClCompile>
    <ClCompile Include="Source\Scene\DebugScene_Itou.cpp">
      <Filter>Scene</Filter>
    </ClCompile>
    <ClCompile Include="Source\Scene\DebugScene_Monda.cpp">
      <Filter>Scene</Filter>
    </ClCompile>
    <ClCompile Include="Source\Scene\PlayScene.cpp">
      <Filter>Scene</Filter>
    </ClCompile>
    <ClCompile Include="Source\BaseClass\SceneBase.cpp">
      <Filter>BaseClass</Filter>
    </ClCompile>
    <ClCompile Include="Source\Scene\TitleScene.cpp">
      <Filter>Scene</Filter>
    </ClCompile>
    <ClCompile Include="Source\Math\Vector2.cpp">
      <Filter>Math</Filter>
    </ClCompile>
    <ClCompile Include="Source\GameMain\GameManager.cpp">
      <Filter>GameMain</Filter>
    </ClCompile>
    <ClCompile Include="Source\GameMain\Main.cpp">
      <Filter>GameMain</Filter>
    </ClCompile>
    <ClCompile Include="Source\Mario\Mario.cpp">
      <Filter>Mario</Filter>
    </ClCompile>
    <ClCompile Include="Source\Input\Input.cpp">
      <Filter>Input</Filter>
    </ClCompile>
    <ClCompile Include="Source\ManagerClass\ImageManager.cpp">
      <Filter>ManagerClass</Filter>
    </ClCompile>
    <ClCompile Include="Source\Block\QuestionBlock.cpp">
      <Filter>Block</Filter>
    </ClCompile>
  </ItemGroup>
  <ItemGroup>
    <ClInclude Include="Source\BaseClass\BlockBase.h">
      <Filter>BaseClass</Filter>
    </ClInclude>
    <ClInclude Include="Source\Block\BreakBlock.h">
      <Filter>Block</Filter>
    </ClInclude>
    <ClInclude Include="Source\Block\BrickBlock.h">
      <Filter>Block</Filter>
    </ClInclude>
    <ClInclude Include="Source\BaseClass\ItemBlockBase.h">
      <Filter>BaseClass</Filter>
    </ClInclude>
    <ClInclude Include="Source\Block\NormalBlock.h">
      <Filter>Block</Filter>
    </ClInclude>
    <ClInclude Include="Source\ManagerClass\ObjectManager.h">
      <Filter>ManagerClass</Filter>
    </ClInclude>
    <ClInclude Include="Source\BaseClass\ObjectBase.h">
      <Filter>BaseClass</Filter>
    </ClInclude>
    <ClInclude Include="Source\ManagerClass\FPSManager.h">
      <Filter>ManagerClass</Filter>
    </ClInclude>
    <ClInclude Include="Source\Map\Map.h">
      <Filter>Map</Filter>
    </ClInclude>
    <ClInclude Include="Source\Collider\BoxCollider.h">
      <Filter>Collider</Filter>
    </ClInclude>
    <ClInclude Include="Source\Collider\CollideResult.h">
      <Filter>Collider</Filter>
    </ClInclude>
    <ClInclude Include="Source\Scene\DebugScene_Awata.h">
      <Filter>Scene</Filter>
    </ClInclude>
    <ClInclude Include="Source\Scene\DebugScene_Itou.h">
      <Filter>Scene</Filter>
    </ClInclude>
    <ClInclude Include="Source\Scene\DebugScene_Monda.h">
      <Filter>Scene</Filter>
    </ClInclude>
    <ClInclude Include="Source\Scene\PlayScene.h">
      <Filter>Scene</Filter>
    </ClInclude>
    <ClInclude Include="Source\BaseClass\SceneBase.h">
      <Filter>BaseClass</Filter>
    </ClInclude>
    <ClInclude Include="Source\Scene\TitleScene.h">
      <Filter>Scene</Filter>
    </ClInclude>
    <ClInclude Include="Source\Math\Vector2.h">
      <Filter>Math</Filter>
    </ClInclude>
    <ClInclude Include="Source\GameMain\GameManagerh.h">
      <Filter>GameMain</Filter>
    </ClInclude>
    <ClInclude Include="Source\Item\ItemType.h">
      <Filter>Item</Filter>
    </ClInclude>
    <ClInclude Include="Source\Mario\Mario.h">
      <Filter>Mario</Filter>
    </ClInclude>
    <ClInclude Include="Source\Input\Input.h">
      <Filter>Input</Filter>
    </ClInclude>
    <ClInclude Include="Source\ManagerClass\ImageManager.h">
      <Filter>ManagerClass</Filter>
    </ClInclude>
    <ClInclude Include="Source\Block\QuestionBlock.h">
      <Filter>Block</Filter>
    </ClInclude>
  </ItemGroup>
  <ItemGroup>
    <Filter Include="BaseClass">
      <UniqueIdentifier>{995d0516-a466-4add-93d2-42ee0b4ca3dd}</UniqueIdentifier>
    </Filter>
    <Filter Include="Block">
      <UniqueIdentifier>{58d15ab4-ad19-4bf8-bc1c-ac49c1c5ae43}</UniqueIdentifier>
    </Filter>
    <Filter Include="ManagerClass">
      <UniqueIdentifier>{5625eefd-b808-4767-9c3b-4f5454b72f18}</UniqueIdentifier>
    </Filter>
    <Filter Include="Map">
      <UniqueIdentifier>{72b8fa45-0a05-4a67-a2f7-a85d70e35ac8}</UniqueIdentifier>
    </Filter>
    <Filter Include="Collider">
      <UniqueIdentifier>{dc485504-6b73-49a8-a179-a4ff39cdab4f}</UniqueIdentifier>
    </Filter>
    <Filter Include="Scene">
      <UniqueIdentifier>{064a26db-4b4e-4614-b8a8-a957b8a82cae}</UniqueIdentifier>
    </Filter>
    <Filter Include="Math">
      <UniqueIdentifier>{31fcfab2-3cd9-4f20-8690-e6a92f117c58}</UniqueIdentifier>
    </Filter>
    <Filter Include="GameMain">
      <UniqueIdentifier>{3844ca4f-7b34-4d08-80ae-8db1e3cf9f13}</UniqueIdentifier>
    </Filter>
    <Filter Include="Item">
      <UniqueIdentifier>{bf9bbbac-aa97-49a0-9cc5-499d2ee5122d}</UniqueIdentifier>
    </Filter>
    <Filter Include="Mario">
      <UniqueIdentifier>{70e45349-d9ac-4acf-96e7-462f9a43a9df}</UniqueIdentifier>
    </Filter>
    <Filter Include="Input">
      <UniqueIdentifier>{db6e55da-ea57-41c5-81d6-8bf5d57dd9f6}</UniqueIdentifier>
    </Filter>
  </ItemGroup>
</Project>